
Microsoft Visual Studio Solution File, Format Version 12.00
# Visual Studio 15
VisualStudioVersion = 15.0.28010.0
MinimumVisualStudioVersion = 10.0.40219.1
Project("{E24C65DC-7377-472B-9ABA-BC803B73C61A}") = "EstruturaDeDados", "EstruturaDeDados\", "{17BB1CD1-33FF-4755-B528-12B4056D062A}"
	ProjectSection(WebsiteProperties) = preProject
		TargetFrameworkMoniker = ".NETFramework,Version%3Dv4.6.1"
		Debug.AspNetCompiler.VirtualPath = "/localhost_55454"
		Debug.AspNetCompiler.PhysicalPath = "EstruturaDeDados\"
		Debug.AspNetCompiler.TargetPath = "PrecompiledWeb\localhost_55454\"
		Debug.AspNetCompiler.Updateable = "true"
		Debug.AspNetCompiler.ForceOverwrite = "true"
		Debug.AspNetCompiler.FixedNames = "false"
		Debug.AspNetCompiler.Debug = "True"
		Release.AspNetCompiler.VirtualPath = "/localhost_55454"
		Release.AspNetCompiler.PhysicalPath = "EstruturaDeDados\"
		Release.AspNetCompiler.TargetPath = "PrecompiledWeb\localhost_55454\"
		Release.AspNetCompiler.Updateable = "true"
		Release.AspNetCompiler.ForceOverwrite = "true"
		Release.AspNetCompiler.FixedNames = "false"
		Release.AspNetCompiler.Debug = "False"
		VWDPort = "55454"
		SlnRelativePath = "EstruturaDeDados\"
		DefaultWebSiteLanguage = "Visual C#"
	EndProjectSection
EndProject
Global
	GlobalSection(SolutionConfigurationPlatforms) = preSolution
		Debug|Any CPU = Debug|Any CPU
	EndGlobalSection
	GlobalSection(ProjectConfigurationPlatforms) = postSolution
		{17BB1CD1-33FF-4755-B528-12B4056D062A}.Debug|Any CPU.ActiveCfg = Debug|Any CPU
		{17BB1CD1-33FF-4755-B528-12B4056D062A}.Debug|Any CPU.Build.0 = Debug|Any CPU
	EndGlobalSection
	GlobalSection(SolutionProperties) = preSolution
		HideSolutionNode = FALSE
	EndGlobalSection
	GlobalSection(ExtensibilityGlobals) = postSolution
		SolutionGuid = {03BF3961-047D-4205-96B4-3C706A66311F}
	EndGlobalSection
EndGlobal
